
Microsoft Visual Studio Solution File, Format Version 12.00
# Visual Studio Version 17
VisualStudioVersion = 17.13.35931.197 d17.13
MinimumVisualStudioVersion = 10.0.40219.1
Project("{FAE04EC0-301F-11D3-BF4B-00C04F79EFBC}") = "agvProject", "agvProject\agvProject.csproj", "{BCC7F698-8D09-4722-B6AB-80E51A618AEE}"
EndProject
Global
	GlobalSection(SolutionConfigurationPlatforms) = preSolution
		Debug|Any CPU = Debug|Any CPU
		Release|Any CPU = Release|Any CPU
	EndGlobalSection
	GlobalSection(ProjectConfigurationPlatforms) = postSolution
		{BCC7F698-8D09-4722-B6AB-80E51A618AEE}.Debug|Any CPU.ActiveCfg = Debug|Any CPU
		{BCC7F698-8D09-4722-B6AB-80E51A618AEE}.Debug|Any CPU.Build.0 = Debug|Any CPU
		{BCC7F698-8D09-4722-B6AB-80E51A618AEE}.Release|Any CPU.ActiveCfg = Release|Any CPU
		{BCC7F698-8D09-4722-B6AB-80E51A618AEE}.Release|Any CPU.Build.0 = Release|Any CPU
	EndGlobalSection
	GlobalSection(SolutionProperties) = preSolution
		HideSolutionNode = FALSE
	EndGlobalSection
	GlobalSection(ExtensibilityGlobals) = postSolution
		SolutionGuid = {FE3554D2-DF9A-4301-884E-57AD62282E6D}
	EndGlobalSection
EndGlobal
